{
  "name": "fast-inverse-sqrt-node-gyp",
  "version": "1.0.8",
  "lockfileVersion": 3,
  "requires": true,
  "packages": {
    "": {
      "name": "fast-inverse-sqrt-node-gyp",
      "version": "1.0.8",
      "license": "GPL-2.0",
      "bin": {
        "fast-inverse-sqrt-node-gyp": "cli.js",
        "fisqrt_ng": "cli.js"
      }
    }
  }
}
